// !$*UTF8*$!
{
	archiveVersion = 1;
	classes = {
	};
	objectVersion = 56;
	objects = {

/* Begin PBXBuildFile section */
		5BCF7899293C733600F8521E /* SignalingServerApp.swift in Sources */ = {isa = PBXBuildFile; fileRef = 5BCF7898293C733600F8521E /* SignalingServerApp.swift */; };
		5BCF789B293C733600F8521E /* ContentView.swift in Sources */ = {isa = PBXBuildFile; fileRef = 5BCF789A293C733600F8521E /* ContentView.swift */; };
		5BCF789D293C733700F8521E /* Assets.xcassets in Resources */ = {isa = PBXBuildFile; fileRef = 5BCF789C293C733700F8521E /* Assets.xcassets */; };
		5BCF78A0293C733700F8521E /* Preview Assets.xcassets in Resources */ = {isa = PBXBuildFile; fileRef = 5BCF789F293C733700F8521E /* Preview Assets.xcassets */; };
		5BCF78AC293C743500F8521E /* SignalingModel.swift in Sources */ = {isa = PBXBuildFile; fileRef = 5BCF78AB293C743500F8521E /* SignalingModel.swift */; };
		5BCF78AE293C7F0300F8521E /* WebSocketServer.swift in Sources */ = {isa = PBXBuildFile; fileRef = 5BCF78AD293C7F0300F8521E /* WebSocketServer.swift */; };
		5BCF78B0293C7F3000F8521E /* WebSocketClient.swift in Sources */ = {isa = PBXBuildFile; fileRef = 5BCF78AF293C7F3000F8521E /* WebSocketClient.swift */; };
/* End PBXBuildFile section */

/* Begin PBXFileReference section */
		5BCF7895293C733600F8521E /* SignalingServer.app */ = {isa = PBXFileReference; explicitFileType = wrapper.application; includeInIndex = 0; path = SignalingServer.app; sourceTree = BUILT_PRODUCTS_DIR; };
		5BCF7898293C733600F8521E /* SignalingServerApp.swift */ = {isa = PBXFileReference; lastKnownFileType = sourcecode.swift; path = SignalingServerApp.swift; sourceTree = "<group>"; };
		5BCF789A293C733600F8521E /* ContentView.swift */ = {isa = PBXFileReference; lastKnownFileType = sourcecode.swift; path = ContentView.swift; sourceTree = "<group>"; };
		5BCF789C293C733700F8521E /* Assets.xcassets */ = {isa = PBXFileReference; lastKnownFileType = folder.assetcatalog; path = Assets.xcassets; sourceTree = "<group>"; };
		5BCF789F293C733700F8521E /* Preview Assets.xcassets */ = {isa = PBXFileReference; lastKnownFileType = folder.assetcatalog; path = "Preview Assets.xcassets"; sourceTree = "<group>"; };
		5BCF78A1293C733700F8521E /* SignalingServer.entitlements */ = {isa = PBXFileReference; lastKnownFileType = text.plist.entitlements; path = SignalingServer.entitlements; sourceTree = "<group>"; };
		5BCF78AB293C743500F8521E /* SignalingModel.swift */ = {isa = PBXFileReference; lastKnownFileType = sourcecode.swift; path = SignalingModel.swift; sourceTree = "<group>"; };
		5BCF78AD293C7F0300F8521E /* WebSocketServer.swift */ = {isa = PBXFileReference; lastKnownFileType = sourcecode.swift; path = WebSocketServer.swift; sourceTree = "<group>"; };
		5BCF78AF293C7F3000F8521E /* WebSocketClient.swift */ = {isa = PBXFileReference; lastKnownFileType = sourcecode.swift; path = WebSocketClient.swift; sourceTree = "<group>"; };
/* End PBXFileReference section */

/* Begin PBXFrameworksBuildPhase section */
		5BCF7892293C733600F8521E /* Frameworks */ = {
			isa = PBXFrameworksBuildPhase;
			buildActionMask = 2147483647;
			files = (
			);
			runOnlyForDeploymentPostprocessing = 0;
		};
/* End PBXFrameworksBuildPhase section */

/* Begin PBXGroup section */
		5BCF788C293C733600F8521E = {
			isa = PBXGroup;
			children = (
				5BCF7897293C733600F8521E /* SignalingServer */,
				5BCF7896293C733600F8521E /* Products */,
			);
			sourceTree = "<group>";
		};
		5BCF7896293C733600F8521E /* Products */ = {
			isa = PBXGroup;
			children = (
				5BCF7895293C733600F8521E /* SignalingServer.app */,
			);
			name = Products;
			sourceTree = "<group>";
		};
		5BCF7897293C733600F8521E /* SignalingServer */ = {
			isa = PBXGroup;
			children = (
				5BCF7898293C733600F8521E /* SignalingServerApp.swift */,
				5BCF789A293C733600F8521E /* ContentView.swift */,
				5BCF78AD293C7F0300F8521E /* WebSocketServer.swift */,
				5BCF78AF293C7F3000F8521E /* WebSocketClient.swift */,
				5BCF78AB293C743500F8521E /* SignalingModel.swift */,
				5BCF789C293C733700F8521E /* Assets.xcassets */,
				5BCF78A1293C733700F8521E /* SignalingServer.entitlements */,
				5BCF789E293C733700F8521E /* Preview Content */,
			);
			path = SignalingServer;
			sourceTree = "<group>";
		};
		5BCF789E293C733700F8521E /* Preview Content */ = {
			isa = PBXGroup;
			children = (
				5BCF789F293C733700F8521E /* Preview Assets.xcassets */,
			);
			path = "Preview Content";
			sourceTree = "<group>";
		};
/* End PBXGroup section */

/* Begin PBXNativeTarget section */
		5BCF7894293C733600F8521E /* SignalingServer */ = {
			isa = PBXNativeTarget;
			buildConfigurationList = 5BCF78A4293C733700F8521E /* Build configuration list for PBXNativeTarget "SignalingServer" */;
			buildPhases = (
				5BCF7891293C733600F8521E /* Sources */,
				5BCF7892293C733600F8521E /* Frameworks */,
				5BCF7893293C733600F8521E /* Resources */,
			);
			buildRules = (
			);
			dependencies = (
			);
			name = SignalingServer;
			productName = SignalingServer;
			productReference = 5BCF7895293C733600F8521E /* SignalingServer.app */;
			productType = "com.apple.product-type.application";
		};
/* End PBXNativeTarget section */

/* Begin PBXProject section */
		5BCF788D293C733600F8521E /* Project object */ = {
			isa = PBXProject;
			attributes = {
				BuildIndependentTargetsInParallel = 1;
				LastSwiftUpdateCheck = 1410;
				LastUpgradeCheck = 1410;
				TargetAttributes = {
					5BCF7894293C733600F8521E = {
						CreatedOnToolsVersion = 14.1;
					};
				};
			};
			buildConfigurationList = 5BCF7890293C733600F8521E /* Build configuration list for PBXProject "SignalingServer" */;
			compatibilityVersion = "Xcode 14.0";
			developmentRegion = en;
			hasScannedForEncodings = 0;
			knownRegions = (
				en,
				Base,
			);
			mainGroup = 5BCF788C293C733600F8521E;
			productRefGroup = 5BCF7896293C733600F8521E /* Products */;
			projectDirPath = "";
			projectRoot = "";
			targets = (
				5BCF7894293C733600F8521E /* SignalingServer */,
			);
		};
/* End PBXProject section */

/* Begin PBXResourcesBuildPhase section */
		5BCF7893293C733600F8521E /* Resources */ = {
			isa = PBXResourcesBuildPhase;
			buildActionMask = 2147483647;
			files = (
				5BCF78A0293C733700F8521E /* Preview Assets.xcassets in Resources */,
				5BCF789D293C733700F8521E /* Assets.xcassets in Resources */,
			);
			runOnlyForDeploymentPostprocessing = 0;
		};
/* End PBXResourcesBuildPhase section */

/* Begin PBXSourcesBuildPhase section */
		5BCF7891293C733600F8521E /* Sources */ = {
			isa = PBXSourcesBuildPhase;
			buildActionMask = 2147483647;
			files = (
				5BCF78B0293C7F3000F8521E /* WebSocketClient.swift in Sources */,
				5BCF789B293C733600F8521E /* ContentView.swift in Sources */,
				5BCF78AC293C743500F8521E /* SignalingModel.swift in Sources */,
				5BCF7899293C733600F8521E /* SignalingServerApp.swift in Sources */,
				5BCF78AE293C7F0300F8521E /* WebSocketServer.swift in Sources */,
			);
			runOnlyForDeploymentPostprocessing = 0;
		};
/* End PBXSourcesBuildPhase section */

/* Begin XCBuildConfiguration section */
		5BCF78A2293C733700F8521E /* Debug */ = {
			isa = XCBuildConfiguration;
			buildSettings = {
				ALWAYS_SEARCH_USER_PATHS = NO;
				CLANG_ANALYZER_NONNULL = YES;
				CLANG_ANALYZER_NUMBER_OBJECT_CONVERSION = YES_AGGRESSIVE;
				CLANG_CXX_LANGUAGE_STANDARD = "gnu++20";
				CLANG_ENABLE_MODULES = YES;
				CLANG_ENABLE_OBJC_ARC = YES;
				CLANG_ENABLE_OBJC_WEAK = YES;
				CLANG_WARN_BLOCK_CAPTURE_AUTORELEASING = YES;
				CLANG_WARN_BOOL_CONVERSION = YES;
				CLANG_WARN_COMMA = YES;
				CLANG_WARN_CONSTANT_CONVERSION = YES;
				CLANG_WARN_DEPRECATED_OBJC_IMPLEMENTATIONS = YES;
				CLANG_WARN_DIRECT_OBJC_ISA_USAGE = YES_ERROR;
				CLANG_WARN_DOCUMENTATION_COMMENTS = YES;
				CLANG_WARN_EMPTY_BODY = YES;
				CLANG_WARN_ENUM_CONVERSION = YES;
				CLANG_WARN_INFINITE_RECURSION = YES;
				CLANG_WARN_INT_CONVERSION = YES;
				CLANG_WARN_NON_LITERAL_NULL_CONVERSION = YES;
				CLANG_WARN_OBJC_IMPLICIT_RETAIN_SELF = YES;
				CLANG_WARN_OBJC_LITERAL_CONVERSION = YES;
				CLANG_WARN_OBJC_ROOT_CLASS = YES_ERROR;
				CLANG_WARN_QUOTED_INCLUDE_IN_FRAMEWORK_HEADER = YES;
				CLANG_WARN_RANGE_LOOP_ANALYSIS = YES;
				CLANG_WARN_STRICT_PROTOTYPES = YES;
				CLANG_WARN_SUSPICIOUS_MOVE = YES;
				CLANG_WARN_UNGUARDED_AVAILABILITY = YES_AGGRESSIVE;
				CLANG_WARN_UNREACHABLE_CODE = YES;
				CLANG_WARN__DUPLICATE_METHOD_MATCH = YES;
				COPY_PHASE_STRIP = NO;
				DEBUG_INFORMATION_FORMAT = dwarf;
				ENABLE_STRICT_OBJC_MSGSEND = YES;
				ENABLE_TESTABILITY = YES;
				GCC_C_LANGUAGE_STANDARD = gnu11;
				GCC_DYNAMIC_NO_PIC = NO;
				GCC_NO_COMMON_BLOCKS = YES;
				GCC_OPTIMIZATION_LEVEL = 0;
				GCC_PREPROCESSOR_DEFINITIONS = (
					"DEBUG=1",
					"$(inherited)",
				);
				GCC_WARN_64_TO_32_BIT_CONVERSION = YES;
				GCC_WARN_ABOUT_RETURN_TYPE = YES_ERROR;
				GCC_WARN_UNDECLARED_SELECTOR = YES;
				GCC_WARN_UNINITIALIZED_AUTOS = YES_AGGRESSIVE;
				GCC_WARN_UNUSED_FUNCTION = YES;
				GCC_WARN_UNUSED_VARIABLE = YES;
				MACOSX_DEPLOYMENT_TARGET = 12.5;
				MTL_ENABLE_DEBUG_INFO = INCLUDE_SOURCE;
				MTL_FAST_MATH = YES;
				ONLY_ACTIVE_ARCH = YES;
				SDKROOT = macosx;
				SWIFT_ACTIVE_COMPILATION_CONDITIONS = DEBUG;
				SWIFT_OPTIMIZATION_LEVEL = "-Onone";
			};
			name = Debug;
		};
		5BCF78A3293C733700F8521E /* Release */ = {
			isa = XCBuildConfiguration;
			buildSettings = {
				ALWAYS_SEARCH_USER_PATHS = NO;
				CLANG_ANALYZER_NONNULL = YES;
				CLANG_ANALYZER_NUMBER_OBJECT_CONVERSION = YES_AGGRESSIVE;
				CLANG_CXX_LANGUAGE_STANDARD = "gnu++20";
				CLANG_ENABLE_MODULES = YES;
				CLANG_ENABLE_OBJC_ARC = YES;
				CLANG_ENABLE_OBJC_WEAK = YES;
				CLANG_WARN_BLOCK_CAPTURE_AUTORELEASING = YES;
				CLANG_WARN_BOOL_CONVERSION = YES;
				CLANG_WARN_COMMA = YES;
				CLANG_WARN_CONSTANT_CONVERSION = YES;
				CLANG_WARN_DEPRECATED_OBJC_IMPLEMENTATIONS = YES;
				CLANG_WARN_DIRECT_OBJC_ISA_USAGE = YES_ERROR;
				CLANG_WARN_DOCUMENTATION_COMMENTS = YES;
				CLANG_WARN_EMPTY_BODY = YES;
				CLANG_WARN_ENUM_CONVERSION = YES;
				CLANG_WARN_INFINITE_RECURSION = YES;
				CLANG_WARN_INT_CONVERSION = YES;
				CLANG_WARN_NON_LITERAL_NULL_CONVERSION = YES;
				CLANG_WARN_OBJC_IMPLICIT_RETAIN_SELF = YES;
				CLANG_WARN_OBJC_LITERAL_CONVERSION = YES;
				CLANG_WARN_OBJC_ROOT_CLASS = YES_ERROR;
				CLANG_WARN_QUOTED_INCLUDE_IN_FRAMEWORK_HEADER = YES;
				CLANG_WARN_RANGE_LOOP_ANALYSIS = YES;
				CLANG_WARN_STRICT_PROTOTYPES = YES;
				CLANG_WARN_SUSPICIOUS_MOVE = YES;
				CLANG_WARN_UNGUARDED_AVAILABILITY = YES_AGGRESSIVE;
				CLANG_WARN_UNREACHABLE_CODE = YES;
				CLANG_WARN__DUPLICATE_METHOD_MATCH = YES;
				COPY_PHASE_STRIP = NO;
				DEBUG_INFORMATION_FORMAT = "dwarf-with-dsym";
				ENABLE_NS_ASSERTIONS = NO;
				ENABLE_STRICT_OBJC_MSGSEND = YES;
				GCC_C_LANGUAGE_STANDARD = gnu11;
				GCC_NO_COMMON_BLOCKS = YES;
				GCC_WARN_64_TO_32_BIT_CONVERSION = YES;
				GCC_WARN_ABOUT_RETURN_TYPE = YES_ERROR;
				GCC_WARN_UNDECLARED_SELECTOR = YES;
				GCC_WARN_UNINITIALIZED_AUTOS = YES_AGGRESSIVE;
				GCC_WARN_UNUSED_FUNCTION = YES;
				GCC_WARN_UNUSED_VARIABLE = YES;
				MACOSX_DEPLOYMENT_TARGET = 12.5;
				MTL_ENABLE_DEBUG_INFO = NO;
				MTL_FAST_MATH = YES;
				SDKROOT = macosx;
				SWIFT_COMPILATION_MODE = wholemodule;
				SWIFT_OPTIMIZATION_LEVEL = "-O";
			};
			name = Release;
		};
		5BCF78A5293C733700F8521E /* Debug */ = {
			isa = XCBuildConfiguration;
			buildSettings = {
				ASSETCATALOG_COMPILER_APPICON_NAME = AppIcon;
				ASSETCATALOG_COMPILER_GLOBAL_ACCENT_COLOR_NAME = AccentColor;
				CODE_SIGN_ENTITLEMENTS = SignalingServer/SignalingServer.entitlements;
				"CODE_SIGN_IDENTITY[sdk=macosx*]" = "-";
				CODE_SIGN_STYLE = Automatic;
				COMBINE_HIDPI_IMAGES = YES;
				CURRENT_PROJECT_VERSION = 1;
				DEVELOPMENT_ASSET_PATHS = "\"SignalingServer/Preview Content\"";
				DEVELOPMENT_TEAM = 7R349V9T6D;
				ENABLE_HARDENED_RUNTIME = YES;
				ENABLE_PREVIEWS = YES;
				GENERATE_INFOPLIST_FILE = YES;
				INFOPLIST_KEY_NSHumanReadableCopyright = "";
				LD_RUNPATH_SEARCH_PATHS = (
					"$(inherited)",
					"@executable_path/../Frameworks",
				);
				MACOSX_DEPLOYMENT_TARGET = 12.0;
				MARKETING_VERSION = 1.0;
				PRODUCT_BUNDLE_IDENTIFIER = "com.sreekuttan.signaling-server.SignalingServer";
				PRODUCT_NAME = "$(TARGET_NAME)";
				SWIFT_EMIT_LOC_STRINGS = YES;
				SWIFT_VERSION = 5.0;
			};
			name = Debug;
		};
		5BCF78A6293C733700F8521E /* Release */ = {
			isa = XCBuildConfiguration;
			buildSettings = {
				ASSETCATALOG_COMPILER_APPICON_NAME = AppIcon;
				ASSETCATALOG_COMPILER_GLOBAL_ACCENT_COLOR_NAME = AccentColor;
				CODE_SIGN_ENTITLEMENTS = SignalingServer/SignalingServer.entitlements;
				"CODE_SIGN_IDENTITY[sdk=macosx*]" = "-";
				CODE_SIGN_STYLE = Automatic;
				COMBINE_HIDPI_IMAGES = YES;
				CURRENT_PROJECT_VERSION = 1;
				DEVELOPMENT_ASSET_PATHS = "\"SignalingServer/Preview Content\"";
				DEVELOPMENT_TEAM = 7R349V9T6D;
				ENABLE_HARDENED_RUNTIME = YES;
				ENABLE_PREVIEWS = YES;
				GENERATE_INFOPLIST_FILE = YES;
				INFOPLIST_KEY_NSHumanReadableCopyright = "";
				LD_RUNPATH_SEARCH_PATHS = (
					"$(inherited)",
					"@executable_path/../Frameworks",
				);
				MACOSX_DEPLOYMENT_TARGET = 12.0;
				MARKETING_VERSION = 1.0;
				PRODUCT_BUNDLE_IDENTIFIER = "com.sreekuttan.signaling-server.SignalingServer";
				PRODUCT_NAME = "$(TARGET_NAME)";
				SWIFT_EMIT_LOC_STRINGS = YES;
				SWIFT_VERSION = 5.0;
			};
			name = Release;
		};
/* End XCBuildConfiguration section */

/* Begin XCConfigurationList section */
		5BCF7890293C733600F8521E /* Build configuration list for PBXProject "SignalingServer" */ = {
			isa = XCConfigurationList;
			buildConfigurations = (
				5BCF78A2293C733700F8521E /* Debug */,
				5BCF78A3293C733700F8521E /* Release */,
			);
			defaultConfigurationIsVisible = 0;
			defaultConfigurationName = Release;
		};
		5BCF78A4293C733700F8521E /* Build configuration list for PBXNativeTarget "SignalingServer" */ = {
			isa = XCConfigurationList;
			buildConfigurations = (
				5BCF78A5293C733700F8521E /* Debug */,
				5BCF78A6293C733700F8521E /* Release */,
			);
			defaultConfigurationIsVisible = 0;
			defaultConfigurationName = Release;
		};
/* End XCConfigurationList section */
	};
	rootObject = 5BCF788D293C733600F8521E /* Project object */;
}
